
Microsoft Visual Studio Solution File, Format Version 12.00
# Visual Studio Version 16
VisualStudioVersion = 16.0.32228.343
MinimumVisualStudioVersion = 10.0.40219.1
Project("{FAE04EC0-301F-11D3-BF4B-00C04F79EFBC}") = "MyMusicApp.Backoffice", "MyMusicApp.Backoffice\MyMusicApp.Backoffice.csproj", "{BFBFBB18-6EB0-45A2-B5A2-D93AB183D6B3}"
EndProject
Project("{FAE04EC0-301F-11D3-BF4B-00C04F79EFBC}") = "MyMusicApp.Core", "MyMusicApp.Core\MyMusicApp.Core.csproj", "{3BCB82C1-AC04-4434-8407-D691A96E3664}"
EndProject
Project("{FAE04EC0-301F-11D3-BF4B-00C04F79EFBC}") = "MyMusicApp.Infrastructure", "MyMusicApp.Infrastructure\MyMusicApp.Infrastructure.csproj", "{27F4BFDA-0C39-4059-A9BA-514E7EC96F3D}"
EndProject
Project("{FAE04EC0-301F-11D3-BF4B-00C04F79EFBC}") = "MyMusicApp.Repositories", "MyMusicApp.Repositories\MyMusicApp.Repositories.csproj", "{C008C943-1CBB-48A6-9EFC-C9AED80A79F5}"
EndProject
Project("{FAE04EC0-301F-11D3-BF4B-00C04F79EFBC}") = "MyMusicApp.Services", "MyMusicApp.Services\MyMusicApp.Services.csproj", "{2AFA76F8-CAA8-4C35-8486-40EE0A455495}"
EndProject
Global
	GlobalSection(SolutionConfigurationPlatforms) = preSolution
		Debug|Any CPU = Debug|Any CPU
		Release|Any CPU = Release|Any CPU
	EndGlobalSection
	GlobalSection(ProjectConfigurationPlatforms) = postSolution
		{BFBFBB18-6EB0-45A2-B5A2-D93AB183D6B3}.Debug|Any CPU.ActiveCfg = Debug|Any CPU
		{BFBFBB18-6EB0-45A2-B5A2-D93AB183D6B3}.Debug|Any CPU.Build.0 = Debug|Any CPU
		{BFBFBB18-6EB0-45A2-B5A2-D93AB183D6B3}.Release|Any CPU.ActiveCfg = Release|Any CPU
		{BFBFBB18-6EB0-45A2-B5A2-D93AB183D6B3}.Release|Any CPU.Build.0 = Release|Any CPU
		{3BCB82C1-AC04-4434-8407-D691A96E3664}.Debug|Any CPU.ActiveCfg = Debug|Any CPU
		{3BCB82C1-AC04-4434-8407-D691A96E3664}.Debug|Any CPU.Build.0 = Debug|Any CPU
		{3BCB82C1-AC04-4434-8407-D691A96E3664}.Release|Any CPU.ActiveCfg = Release|Any CPU
		{3BCB82C1-AC04-4434-8407-D691A96E3664}.Release|Any CPU.Build.0 = Release|Any CPU
		{27F4BFDA-0C39-4059-A9BA-514E7EC96F3D}.Debug|Any CPU.ActiveCfg = Debug|Any CPU
		{27F4BFDA-0C39-4059-A9BA-514E7EC96F3D}.Debug|Any CPU.Build.0 = Debug|Any CPU
		{27F4BFDA-0C39-4059-A9BA-514E7EC96F3D}.Release|Any CPU.ActiveCfg = Release|Any CPU
		{27F4BFDA-0C39-4059-A9BA-514E7EC96F3D}.Release|Any CPU.Build.0 = Release|Any CPU
		{C008C943-1CBB-48A6-9EFC-C9AED80A79F5}.Debug|Any CPU.ActiveCfg = Debug|Any CPU
		{C008C943-1CBB-48A6-9EFC-C9AED80A79F5}.Debug|Any CPU.Build.0 = Debug|Any CPU
		{C008C943-1CBB-48A6-9EFC-C9AED80A79F5}.Release|Any CPU.ActiveCfg = Release|Any CPU
		{C008C943-1CBB-48A6-9EFC-C9AED80A79F5}.Release|Any CPU.Build.0 = Release|Any CPU
		{2AFA76F8-CAA8-4C35-8486-40EE0A455495}.Debug|Any CPU.ActiveCfg = Debug|Any CPU
		{2AFA76F8-CAA8-4C35-8486-40EE0A455495}.Debug|Any CPU.Build.0 = Debug|Any CPU
		{2AFA76F8-CAA8-4C35-8486-40EE0A455495}.Release|Any CPU.ActiveCfg = Release|Any CPU
		{2AFA76F8-CAA8-4C35-8486-40EE0A455495}.Release|Any CPU.Build.0 = Release|Any CPU
	EndGlobalSection
	GlobalSection(SolutionProperties) = preSolution
		HideSolutionNode = FALSE
	EndGlobalSection
	GlobalSection(ExtensibilityGlobals) = postSolution
		SolutionGuid = {C4F51DB9-FDE0-4ACF-AB0E-1CEB848661A9}
	EndGlobalSection
EndGlobal
